
Microsoft Visual Studio Solution File, Format Version 12.00
# Visual Studio Version 17
VisualStudioVersion = 17.6.33417.168
MinimumVisualStudioVersion = 10.0.40219.1
Project("{9A19103F-16F7-4668-BE54-9A1E7A4F7556}") = "CV19", "CV19\CV19.csproj", "{A40A6F9D-44FA-4F5E-9D75-BE0D2035410D}"
EndProject
Project("{2150E333-8FDC-42A3-9474-1A3956D46DE8}") = "Test", "Test", "{5203BA95-0CA9-4562-8A3C-9560370E52F5}"
EndProject
Project("{9A19103F-16F7-4668-BE54-9A1E7A4F7556}") = "CV19Cons", "Test\CV19Cons\CV19Cons.csproj", "{E8F025D3-6D75-42AF-96CC-DA5F617C48A0}"
EndProject
Project("{9A19103F-16F7-4668-BE54-9A1E7A4F7556}") = "CV19WPFTest", "Test\CV19WPFTest\CV19WPFTest.csproj", "{0C080EC9-834D-4CEA-BF62-00886864ADF3}"
EndProject
Project("{FAE04EC0-301F-11D3-BF4B-00C04F79EFBC}") = "TestLib.Fromework", "TestLib.Core\TestLib.Core\TestLib.Fromework.csproj", "{08E3464D-E3D9-4B39-8E66-FA147458DCAC}"
EndProject
Project("{FAE04EC0-301F-11D3-BF4B-00C04F79EFBC}") = "TestLibCV19", "TestLibCV19\TestLibCV19.csproj", "{56BE62EE-B638-4B67-8110-CC4C07B2C0BE}"
EndProject
Global
	GlobalSection(SolutionConfigurationPlatforms) = preSolution
		Debug|Any CPU = Debug|Any CPU
		Release|Any CPU = Release|Any CPU
	EndGlobalSection
	GlobalSection(ProjectConfigurationPlatforms) = postSolution
		{A40A6F9D-44FA-4F5E-9D75-BE0D2035410D}.Debug|Any CPU.ActiveCfg = Debug|Any CPU
		{A40A6F9D-44FA-4F5E-9D75-BE0D2035410D}.Debug|Any CPU.Build.0 = Debug|Any CPU
		{A40A6F9D-44FA-4F5E-9D75-BE0D2035410D}.Release|Any CPU.ActiveCfg = Release|Any CPU
		{A40A6F9D-44FA-4F5E-9D75-BE0D2035410D}.Release|Any CPU.Build.0 = Release|Any CPU
		{E8F025D3-6D75-42AF-96CC-DA5F617C48A0}.Debug|Any CPU.ActiveCfg = Debug|Any CPU
		{E8F025D3-6D75-42AF-96CC-DA5F617C48A0}.Debug|Any CPU.Build.0 = Debug|Any CPU
		{E8F025D3-6D75-42AF-96CC-DA5F617C48A0}.Release|Any CPU.ActiveCfg = Release|Any CPU
		{E8F025D3-6D75-42AF-96CC-DA5F617C48A0}.Release|Any CPU.Build.0 = Release|Any CPU
		{0C080EC9-834D-4CEA-BF62-00886864ADF3}.Debug|Any CPU.ActiveCfg = Debug|Any CPU
		{0C080EC9-834D-4CEA-BF62-00886864ADF3}.Debug|Any CPU.Build.0 = Debug|Any CPU
		{0C080EC9-834D-4CEA-BF62-00886864ADF3}.Release|Any CPU.ActiveCfg = Release|Any CPU
		{0C080EC9-834D-4CEA-BF62-00886864ADF3}.Release|Any CPU.Build.0 = Release|Any CPU
		{08E3464D-E3D9-4B39-8E66-FA147458DCAC}.Debug|Any CPU.ActiveCfg = Debug|Any CPU
		{08E3464D-E3D9-4B39-8E66-FA147458DCAC}.Debug|Any CPU.Build.0 = Debug|Any CPU
		{08E3464D-E3D9-4B39-8E66-FA147458DCAC}.Release|Any CPU.ActiveCfg = Release|Any CPU
		{08E3464D-E3D9-4B39-8E66-FA147458DCAC}.Release|Any CPU.Build.0 = Release|Any CPU
		{56BE62EE-B638-4B67-8110-CC4C07B2C0BE}.Debug|Any CPU.ActiveCfg = Debug|Any CPU
		{56BE62EE-B638-4B67-8110-CC4C07B2C0BE}.Debug|Any CPU.Build.0 = Debug|Any CPU
		{56BE62EE-B638-4B67-8110-CC4C07B2C0BE}.Release|Any CPU.ActiveCfg = Release|Any CPU
		{56BE62EE-B638-4B67-8110-CC4C07B2C0BE}.Release|Any CPU.Build.0 = Release|Any CPU
	EndGlobalSection
	GlobalSection(SolutionProperties) = preSolution
		HideSolutionNode = FALSE
	EndGlobalSection
	GlobalSection(NestedProjects) = preSolution
		{E8F025D3-6D75-42AF-96CC-DA5F617C48A0} = {5203BA95-0CA9-4562-8A3C-9560370E52F5}
		{0C080EC9-834D-4CEA-BF62-00886864ADF3} = {5203BA95-0CA9-4562-8A3C-9560370E52F5}
		{08E3464D-E3D9-4B39-8E66-FA147458DCAC} = {5203BA95-0CA9-4562-8A3C-9560370E52F5}
		{56BE62EE-B638-4B67-8110-CC4C07B2C0BE} = {5203BA95-0CA9-4562-8A3C-9560370E52F5}
	EndGlobalSection
	GlobalSection(ExtensibilityGlobals) = postSolution
		SolutionGuid = {7ADFFCF4-4E54-40C2-B43D-3C95E84FB4F3}
	EndGlobalSection
EndGlobal
